
Microsoft Visual Studio Solution File, Format Version 12.00
# Visual Studio 15
VisualStudioVersion = 15.0.28307.421
MinimumVisualStudioVersion = 10.0.40219.1
Project("{FAE04EC0-301F-11D3-BF4B-00C04F79EFBC}") = "Calculadora", "Calculadora\Calculadora.csproj", "{5302E1BC-9751-4BAC-AEE2-F47A3A78ADEF}"
EndProject
Global
	GlobalSection(SolutionConfigurationPlatforms) = preSolution
		Debug|Any CPU = Debug|Any CPU
		Release|Any CPU = Release|Any CPU
	EndGlobalSection
	GlobalSection(ProjectConfigurationPlatforms) = postSolution
		{5302E1BC-9751-4BAC-AEE2-F47A3A78ADEF}.Debug|Any CPU.ActiveCfg = Debug|Any CPU
		{5302E1BC-9751-4BAC-AEE2-F47A3A78ADEF}.Debug|Any CPU.Build.0 = Debug|Any CPU
		{5302E1BC-9751-4BAC-AEE2-F47A3A78ADEF}.Release|Any CPU.ActiveCfg = Release|Any CPU
		{5302E1BC-9751-4BAC-AEE2-F47A3A78ADEF}.Release|Any CPU.Build.0 = Release|Any CPU
	EndGlobalSection
	GlobalSection(SolutionProperties) = preSolution
		HideSolutionNode = FALSE
	EndGlobalSection
	GlobalSection(ExtensibilityGlobals) = postSolution
		SolutionGuid = {B9039C9E-1960-4A3D-85A1-FA56EEF86DA7}
	EndGlobalSection
EndGlobal
